
Microsoft Visual Studio Solution File, Format Version 12.00
# Visual Studio 15
VisualStudioVersion = 15.0.28307.539
MinimumVisualStudioVersion = 10.0.40219.1
Project("{FAE04EC0-301F-11D3-BF4B-00C04F79EFBC}") = "FileRenameTool", "FileRenameTool\FileRenameTool.csproj", "{86203FB4-0977-4CE6-9506-949F3D83C04B}"
EndProject
Global
	GlobalSection(SolutionConfigurationPlatforms) = preSolution
		Debug|Any CPU = Debug|Any CPU
		Release|Any CPU = Release|Any CPU
	EndGlobalSection
	GlobalSection(ProjectConfigurationPlatforms) = postSolution
		{86203FB4-0977-4CE6-9506-949F3D83C04B}.Debug|Any CPU.ActiveCfg = Debug|Any CPU
		{86203FB4-0977-4CE6-9506-949F3D83C04B}.Debug|Any CPU.Build.0 = Debug|Any CPU
		{86203FB4-0977-4CE6-9506-949F3D83C04B}.Release|Any CPU.ActiveCfg = Release|Any CPU
		{86203FB4-0977-4CE6-9506-949F3D83C04B}.Release|Any CPU.Build.0 = Release|Any CPU
	EndGlobalSection
	GlobalSection(SolutionProperties) = preSolution
		HideSolutionNode = FALSE
	EndGlobalSection
	GlobalSection(ExtensibilityGlobals) = postSolution
		SolutionGuid = {7BD773FB-573D-4E0C-8F01-4AFB0F8B38B3}
	EndGlobalSection
EndGlobal
